
Microsoft Visual Studio Solution File, Format Version 12.00
# Visual Studio Version 17
VisualStudioVersion = 17.0.31903.59
MinimumVisualStudioVersion = 10.0.40219.1
Project("{FAE04EC0-301F-11D3-BF4B-00C04F79EFBC}") = "Tyuiu.DmitrievLR.Sprint5.Task0.V11.Lib", "Tyuiu.DmitrievLR.Sprint5.Task0.V11.Lib\Tyuiu.DmitrievLR.Sprint5.Task0.V11.Lib.csproj", "{D91C29A8-1620-4141-8A9A-BBDCAAF7972F}"
EndProject
Project("{FAE04EC0-301F-11D3-BF4B-00C04F79EFBC}") = "Tyuiu.DmitrievLR.Sprint5.Task0.V11", "Tyuiu.DmitrievLR.Sprint5.Task0.V11\Tyuiu.DmitrievLR.Sprint5.Task0.V11.csproj", "{C086AB3A-E990-4F7D-AC99-C6810FC83FD4}"
EndProject
Project("{FAE04EC0-301F-11D3-BF4B-00C04F79EFBC}") = "Tyuiu.DmitrievLR.Sprint5.Task0.V11.Test", "Tyuiu.DmitrievLR.Sprint5.Task0.V11.Test\Tyuiu.DmitrievLR.Sprint5.Task0.V11.Test.csproj", "{7009C08E-C599-4780-B0E1-862CD0F5938A}"
EndProject
Project("{2150E333-8FDC-42A3-9474-1A3956D46DE8}") = "Task0", "Task0", "{2A26DF3B-5630-4D14-B44F-834B38EC5B48}"
EndProject
Project("{FAE04EC0-301F-11D3-BF4B-00C04F79EFBC}") = "Tyuiu.DmitrievLR.Sprint5.Task1.V3.Lib", "Tyuiu.DmitrievLR.Sprint5.Task1.V3.Lib\Tyuiu.DmitrievLR.Sprint5.Task1.V3.Lib.csproj", "{3FF2D989-7393-4C47-8085-67ED86C81D5C}"
EndProject
Project("{FAE04EC0-301F-11D3-BF4B-00C04F79EFBC}") = "Tyuiu.DmitrievLR.Sprint5.Task1.V3", "Tyuiu.DmitrievLR.Sprint5.Task1.V3\Tyuiu.DmitrievLR.Sprint5.Task1.V3.csproj", "{BB5840E6-F761-439A-8F95-F804411F478F}"
EndProject
Project("{FAE04EC0-301F-11D3-BF4B-00C04F79EFBC}") = "Tyuiu.DmitrievLR.Sprint5.Task1.V3.Test", "Tyuiu.DmitrievLR.Sprint5.Task1.V3.Test\Tyuiu.DmitrievLR.Sprint5.Task1.V3.Test.csproj", "{45438B7E-351A-47D5-905D-65EB0A3A7F26}"
EndProject
Project("{2150E333-8FDC-42A3-9474-1A3956D46DE8}") = "Task1", "Task1", "{2ED18042-D473-4A8D-B58B-454C1EA990B9}"
EndProject
Project("{FAE04EC0-301F-11D3-BF4B-00C04F79EFBC}") = "Tyuiu.DmitrievLR.Sprint5.Task2.V14.Lib", "Tyuiu.DmitrievLR.Sprint5.Task2.V14.Lib\Tyuiu.DmitrievLR.Sprint5.Task2.V14.Lib.csproj", "{1FD2CE2C-8801-4C63-8907-E67B4CBCBABB}"
EndProject
Project("{FAE04EC0-301F-11D3-BF4B-00C04F79EFBC}") = "Tyuiu.DmitrievLR.Sprint5.Task2.V14", "Tyuiu.DmitrievLR.Sprint5.Task2.V14\Tyuiu.DmitrievLR.Sprint5.Task2.V14.csproj", "{49AC5D8A-FFD1-4B4A-820A-4DC07CB9A05E}"
EndProject
Project("{FAE04EC0-301F-11D3-BF4B-00C04F79EFBC}") = "Tyuiu.DmitrievLR.Sprint5.Task2.V14.Test", "Tyuiu.DmitrievLR.Sprint5.Task2.V14.Test\Tyuiu.DmitrievLR.Sprint5.Task2.V14.Test.csproj", "{B95FFA44-D5FA-46D2-9A3D-DC3E9C494A1D}"
EndProject
Project("{2150E333-8FDC-42A3-9474-1A3956D46DE8}") = "Task2", "Task2", "{47A20534-25B3-4EDB-A254-96955DA25AE9}"
EndProject
Project("{FAE04EC0-301F-11D3-BF4B-00C04F79EFBC}") = "Tyuiu.DmitrievLR.Sprint5.Task3.V6.Lib", "Tyuiu.DmitrievLR.Sprint5.Task3.V6.Lib\Tyuiu.DmitrievLR.Sprint5.Task3.V6.Lib.csproj", "{B69E9805-B2C5-42BE-AF60-0B4BC0D79171}"
EndProject
Project("{FAE04EC0-301F-11D3-BF4B-00C04F79EFBC}") = "Tyuiu.DmitrievLR.Sprint5.Task3.V6", "Tyuiu.DmitrievLR.Sprint5.Task3.V6\Tyuiu.DmitrievLR.Sprint5.Task3.V6.csproj", "{E9E80A82-4DCF-42A2-AD8E-6D190983267D}"
EndProject
Project("{FAE04EC0-301F-11D3-BF4B-00C04F79EFBC}") = "Tyuiu.DmitrievLR.Sprint5.Task3.V6.Test", "Tyuiu.DmitrievLR.Sprint5.Task3.V6.Test\Tyuiu.DmitrievLR.Sprint5.Task3.V6.Test.csproj", "{32E415CC-AC2C-4BBD-9BE8-42AF4FF3D1E2}"
EndProject
Project("{2150E333-8FDC-42A3-9474-1A3956D46DE8}") = "Task3", "Task3", "{D55F17D1-4EE5-438F-AB89-F0CD20898404}"
EndProject
Project("{FAE04EC0-301F-11D3-BF4B-00C04F79EFBC}") = "Tyuiu.DmitrievLR.Sprint5.Task4.V26.Lib", "Tyuiu.DmitrievLR.Sprint5.Task4.V26.Lib\Tyuiu.DmitrievLR.Sprint5.Task4.V26.Lib.csproj", "{D8ED6FCF-73F2-4581-B7FB-BC7B7BF30C51}"
EndProject
Project("{FAE04EC0-301F-11D3-BF4B-00C04F79EFBC}") = "Tyuiu.DmitrievLR.Sprint5.Task4.V26", "Tyuiu.DmitrievLR.Sprint5.Task4.V26\Tyuiu.DmitrievLR.Sprint5.Task4.V26.csproj", "{520AFEB8-2518-4349-906D-03218D9553ED}"
EndProject
Project("{FAE04EC0-301F-11D3-BF4B-00C04F79EFBC}") = "Tyuiu.DmitrievLR.Sprint5.Task4.V26.Test", "Tyuiu.DmitrievLR.Sprint5.Task4.V26.Test\Tyuiu.DmitrievLR.Sprint5.Task4.V26.Test.csproj", "{C746619F-AE96-4D54-A79B-3A47F37AF233}"
EndProject
Project("{2150E333-8FDC-42A3-9474-1A3956D46DE8}") = "Task4", "Task4", "{9F51A070-A958-4F66-BED7-708888AD7CAC}"
EndProject
Project("{2150E333-8FDC-42A3-9474-1A3956D46DE8}") = "Task5", "Task5", "{B77E2A9B-336F-4F5C-B72B-E01ED5B8F647}"
EndProject
Project("{FAE04EC0-301F-11D3-BF4B-00C04F79EFBC}") = "Tyuiu.DmitrievLR.Sprint5.Task5.V18.Lib", "Tyuiu.DmitrievLR.Sprint5.Task5.V18.Lib\Tyuiu.DmitrievLR.Sprint5.Task5.V18.Lib.csproj", "{DA0267FE-D6FB-459C-9547-1408552AAB75}"
EndProject
Project("{FAE04EC0-301F-11D3-BF4B-00C04F79EFBC}") = "Tyuiu.DmitrievLR.Sprint5.Task5.V18", "Tyuiu.DmitrievLR.Sprint5.Task5.V18\Tyuiu.DmitrievLR.Sprint5.Task5.V18.csproj", "{F18ECE44-F0AB-4A61-9AAF-CB0B035BC6DD}"
EndProject
Project("{FAE04EC0-301F-11D3-BF4B-00C04F79EFBC}") = "Tyuiu.DmitrievLR.Sprint5.Task5.V18.Test", "Tyuiu.DmitrievLR.Sprint5.Task5.V18.Test\Tyuiu.DmitrievLR.Sprint5.Task5.V18.Test.csproj", "{636D82DE-B12D-4C82-A0AB-929B637B12EB}"
EndProject
Project("{FAE04EC0-301F-11D3-BF4B-00C04F79EFBC}") = "Tyuiu.DmitrievLR.Sprint5.Task6.V25.Lib", "Tyuiu.DmitrievLR.Sprint5.Task6.V25.Lib\Tyuiu.DmitrievLR.Sprint5.Task6.V25.Lib.csproj", "{3EAF4343-B844-4B71-AE1B-59F0BC6687C0}"
EndProject
Project("{FAE04EC0-301F-11D3-BF4B-00C04F79EFBC}") = "Tyuiu.DmitrievLR.Sprint5.Task6.V25", "Tyuiu.DmitrievLR.Sprint5.Task6.V25\Tyuiu.DmitrievLR.Sprint5.Task6.V25.csproj", "{9DF85CCA-A2DE-4CA0-9A54-5EAFFFB26E3D}"
EndProject
Project("{FAE04EC0-301F-11D3-BF4B-00C04F79EFBC}") = "Tyuiu.DmitrievLR.Sprint5.Task6.V25.Test", "Tyuiu.DmitrievLR.Sprint5.Task6.V25.Test\Tyuiu.DmitrievLR.Sprint5.Task6.V25.Test.csproj", "{EC27EE19-BB12-4F60-ACE4-4951E48B5D1C}"
EndProject
Project("{2150E333-8FDC-42A3-9474-1A3956D46DE8}") = "Task6", "Task6", "{23E4F5DC-104F-454A-A96F-72BCC0D3C2E2}"
EndProject
Global
	GlobalSection(SolutionConfigurationPlatforms) = preSolution
		Debug|Any CPU = Debug|Any CPU
		Release|Any CPU = Release|Any CPU
	EndGlobalSection
	GlobalSection(ProjectConfigurationPlatforms) = postSolution
		{D91C29A8-1620-4141-8A9A-BBDCAAF7972F}.Debug|Any CPU.ActiveCfg = Debug|Any CPU
		{D91C29A8-1620-4141-8A9A-BBDCAAF7972F}.Debug|Any CPU.Build.0 = Debug|Any CPU
		{D91C29A8-1620-4141-8A9A-BBDCAAF7972F}.Release|Any CPU.ActiveCfg = Release|Any CPU
		{D91C29A8-1620-4141-8A9A-BBDCAAF7972F}.Release|Any CPU.Build.0 = Release|Any CPU
		{C086AB3A-E990-4F7D-AC99-C6810FC83FD4}.Debug|Any CPU.ActiveCfg = Debug|Any CPU
		{C086AB3A-E990-4F7D-AC99-C6810FC83FD4}.Debug|Any CPU.Build.0 = Debug|Any CPU
		{C086AB3A-E990-4F7D-AC99-C6810FC83FD4}.Release|Any CPU.ActiveCfg = Release|Any CPU
		{C086AB3A-E990-4F7D-AC99-C6810FC83FD4}.Release|Any CPU.Build.0 = Release|Any CPU
		{7009C08E-C599-4780-B0E1-862CD0F5938A}.Debug|Any CPU.ActiveCfg = Debug|Any CPU
		{7009C08E-C599-4780-B0E1-862CD0F5938A}.Debug|Any CPU.Build.0 = Debug|Any CPU
		{7009C08E-C599-4780-B0E1-862CD0F5938A}.Release|Any CPU.ActiveCfg = Release|Any CPU
		{7009C08E-C599-4780-B0E1-862CD0F5938A}.Release|Any CPU.Build.0 = Release|Any CPU
		{3FF2D989-7393-4C47-8085-67ED86C81D5C}.Debug|Any CPU.ActiveCfg = Debug|Any CPU
		{3FF2D989-7393-4C47-8085-67ED86C81D5C}.Debug|Any CPU.Build.0 = Debug|Any CPU
		{3FF2D989-7393-4C47-8085-67ED86C81D5C}.Release|Any CPU.ActiveCfg = Release|Any CPU
		{3FF2D989-7393-4C47-8085-67ED86C81D5C}.Release|Any CPU.Build.0 = Release|Any CPU
		{BB5840E6-F761-439A-8F95-F804411F478F}.Debug|Any CPU.ActiveCfg = Debug|Any CPU
		{BB5840E6-F761-439A-8F95-F804411F478F}.Debug|Any CPU.Build.0 = Debug|Any CPU
		{BB5840E6-F761-439A-8F95-F804411F478F}.Release|Any CPU.ActiveCfg = Release|Any CPU
		{BB5840E6-F761-439A-8F95-F804411F478F}.Release|Any CPU.Build.0 = Release|Any CPU
		{45438B7E-351A-47D5-905D-65EB0A3A7F26}.Debug|Any CPU.ActiveCfg = Debug|Any CPU
		{45438B7E-351A-47D5-905D-65EB0A3A7F26}.Debug|Any CPU.Build.0 = Debug|Any CPU
		{45438B7E-351A-47D5-905D-65EB0A3A7F26}.Release|Any CPU.ActiveCfg = Release|Any CPU
		{45438B7E-351A-47D5-905D-65EB0A3A7F26}.Release|Any CPU.Build.0 = Release|Any CPU
		{1FD2CE2C-8801-4C63-8907-E67B4CBCBABB}.Debug|Any CPU.ActiveCfg = Debug|Any CPU
		{1FD2CE2C-8801-4C63-8907-E67B4CBCBABB}.Debug|Any CPU.Build.0 = Debug|Any CPU
		{1FD2CE2C-8801-4C63-8907-E67B4CBCBABB}.Release|Any CPU.ActiveCfg = Release|Any CPU
		{1FD2CE2C-8801-4C63-8907-E67B4CBCBABB}.Release|Any CPU.Build.0 = Release|Any CPU
		{49AC5D8A-FFD1-4B4A-820A-4DC07CB9A05E}.Debug|Any CPU.ActiveCfg = Debug|Any CPU
		{49AC5D8A-FFD1-4B4A-820A-4DC07CB9A05E}.Debug|Any CPU.Build.0 = Debug|Any CPU
		{49AC5D8A-FFD1-4B4A-820A-4DC07CB9A05E}.Release|Any CPU.ActiveCfg = Release|Any CPU
		{49AC5D8A-FFD1-4B4A-820A-4DC07CB9A05E}.Release|Any CPU.Build.0 = Release|Any CPU
		{B95FFA44-D5FA-46D2-9A3D-DC3E9C494A1D}.Debug|Any CPU.ActiveCfg = Debug|Any CPU
		{B95FFA44-D5FA-46D2-9A3D-DC3E9C494A1D}.Debug|Any CPU.Build.0 = Debug|Any CPU
		{B95FFA44-D5FA-46D2-9A3D-DC3E9C494A1D}.Release|Any CPU.ActiveCfg = Release|Any CPU
		{B95FFA44-D5FA-46D2-9A3D-DC3E9C494A1D}.Release|Any CPU.Build.0 = Release|Any CPU
		{B69E9805-B2C5-42BE-AF60-0B4BC0D79171}.Debug|Any CPU.ActiveCfg = Debug|Any CPU
		{B69E9805-B2C5-42BE-AF60-0B4BC0D79171}.Debug|Any CPU.Build.0 = Debug|Any CPU
		{B69E9805-B2C5-42BE-AF60-0B4BC0D79171}.Release|Any CPU.ActiveCfg = Release|Any CPU
		{B69E9805-B2C5-42BE-AF60-0B4BC0D79171}.Release|Any CPU.Build.0 = Release|Any CPU
		{E9E80A82-4DCF-42A2-AD8E-6D190983267D}.Debug|Any CPU.ActiveCfg = Debug|Any CPU
		{E9E80A82-4DCF-42A2-AD8E-6D190983267D}.Debug|Any CPU.Build.0 = Debug|Any CPU
		{E9E80A82-4DCF-42A2-AD8E-6D190983267D}.Release|Any CPU.ActiveCfg = Release|Any CPU
		{E9E80A82-4DCF-42A2-AD8E-6D190983267D}.Release|Any CPU.Build.0 = Release|Any CPU
		{32E415CC-AC2C-4BBD-9BE8-42AF4FF3D1E2}.Debug|Any CPU.ActiveCfg = Debug|Any CPU
		{32E415CC-AC2C-4BBD-9BE8-42AF4FF3D1E2}.Debug|Any CPU.Build.0 = Debug|Any CPU
		{32E415CC-AC2C-4BBD-9BE8-42AF4FF3D1E2}.Release|Any CPU.ActiveCfg = Release|Any CPU
		{32E415CC-AC2C-4BBD-9BE8-42AF4FF3D1E2}.Release|Any CPU.Build.0 = Release|Any CPU
		{D8ED6FCF-73F2-4581-B7FB-BC7B7BF30C51}.Debug|Any CPU.ActiveCfg = Debug|Any CPU
		{D8ED6FCF-73F2-4581-B7FB-BC7B7BF30C51}.Debug|Any CPU.Build.0 = Debug|Any CPU
		{D8ED6FCF-73F2-4581-B7FB-BC7B7BF30C51}.Release|Any CPU.ActiveCfg = Release|Any CPU
		{D8ED6FCF-73F2-4581-B7FB-BC7B7BF30C51}.Release|Any CPU.Build.0 = Release|Any CPU
		{520AFEB8-2518-4349-906D-03218D9553ED}.Debug|Any CPU.ActiveCfg = Debug|Any CPU
		{520AFEB8-2518-4349-906D-03218D9553ED}.Debug|Any CPU.Build.0 = Debug|Any CPU
		{520AFEB8-2518-4349-906D-03218D9553ED}.Release|Any CPU.ActiveCfg = Release|Any CPU
		{520AFEB8-2518-4349-906D-03218D9553ED}.Release|Any CPU.Build.0 = Release|Any CPU
		{C746619F-AE96-4D54-A79B-3A47F37AF233}.Debug|Any CPU.ActiveCfg = Debug|Any CPU
		{C746619F-AE96-4D54-A79B-3A47F37AF233}.Debug|Any CPU.Build.0 = Debug|Any CPU
		{C746619F-AE96-4D54-A79B-3A47F37AF233}.Release|Any CPU.ActiveCfg = Release|Any CPU
		{C746619F-AE96-4D54-A79B-3A47F37AF233}.Release|Any CPU.Build.0 = Release|Any CPU
		{DA0267FE-D6FB-459C-9547-1408552AAB75}.Debug|Any CPU.ActiveCfg = Debug|Any CPU
		{DA0267FE-D6FB-459C-9547-1408552AAB75}.Debug|Any CPU.Build.0 = Debug|Any CPU
		{DA0267FE-D6FB-459C-9547-1408552AAB75}.Release|Any CPU.ActiveCfg = Release|Any CPU
		{DA0267FE-D6FB-459C-9547-1408552AAB75}.Release|Any CPU.Build.0 = Release|Any CPU
		{F18ECE44-F0AB-4A61-9AAF-CB0B035BC6DD}.Debug|Any CPU.ActiveCfg = Debug|Any CPU
		{F18ECE44-F0AB-4A61-9AAF-CB0B035BC6DD}.Debug|Any CPU.Build.0 = Debug|Any CPU
		{F18ECE44-F0AB-4A61-9AAF-CB0B035BC6DD}.Release|Any CPU.ActiveCfg = Release|Any CPU
		{F18ECE44-F0AB-4A61-9AAF-CB0B035BC6DD}.Release|Any CPU.Build.0 = Release|Any CPU
		{636D82DE-B12D-4C82-A0AB-929B637B12EB}.Debug|Any CPU.ActiveCfg = Debug|Any CPU
		{636D82DE-B12D-4C82-A0AB-929B637B12EB}.Debug|Any CPU.Build.0 = Debug|Any CPU
		{636D82DE-B12D-4C82-A0AB-929B637B12EB}.Release|Any CPU.ActiveCfg = Release|Any CPU
		{636D82DE-B12D-4C82-A0AB-929B637B12EB}.Release|Any CPU.Build.0 = Release|Any CPU
		{3EAF4343-B844-4B71-AE1B-59F0BC6687C0}.Debug|Any CPU.ActiveCfg = Debug|Any CPU
		{3EAF4343-B844-4B71-AE1B-59F0BC6687C0}.Debug|Any CPU.Build.0 = Debug|Any CPU
		{3EAF4343-B844-4B71-AE1B-59F0BC6687C0}.Release|Any CPU.ActiveCfg = Release|Any CPU
		{3EAF4343-B844-4B71-AE1B-59F0BC6687C0}.Release|Any CPU.Build.0 = Release|Any CPU
		{9DF85CCA-A2DE-4CA0-9A54-5EAFFFB26E3D}.Debug|Any CPU.ActiveCfg = Debug|Any CPU
		{9DF85CCA-A2DE-4CA0-9A54-5EAFFFB26E3D}.Debug|Any CPU.Build.0 = Debug|Any CPU
		{9DF85CCA-A2DE-4CA0-9A54-5EAFFFB26E3D}.Release|Any CPU.ActiveCfg = Release|Any CPU
		{9DF85CCA-A2DE-4CA0-9A54-5EAFFFB26E3D}.Release|Any CPU.Build.0 = Release|Any CPU
		{EC27EE19-BB12-4F60-ACE4-4951E48B5D1C}.Debug|Any CPU.ActiveCfg = Debug|Any CPU
		{EC27EE19-BB12-4F60-ACE4-4951E48B5D1C}.Debug|Any CPU.Build.0 = Debug|Any CPU
		{EC27EE19-BB12-4F60-ACE4-4951E48B5D1C}.Release|Any CPU.ActiveCfg = Release|Any CPU
		{EC27EE19-BB12-4F60-ACE4-4951E48B5D1C}.Release|Any CPU.Build.0 = Release|Any CPU
	EndGlobalSection
	GlobalSection(SolutionProperties) = preSolution
		HideSolutionNode = FALSE
	EndGlobalSection
	GlobalSection(NestedProjects) = preSolution
		{D91C29A8-1620-4141-8A9A-BBDCAAF7972F} = {2A26DF3B-5630-4D14-B44F-834B38EC5B48}
		{C086AB3A-E990-4F7D-AC99-C6810FC83FD4} = {2A26DF3B-5630-4D14-B44F-834B38EC5B48}
		{7009C08E-C599-4780-B0E1-862CD0F5938A} = {2A26DF3B-5630-4D14-B44F-834B38EC5B48}
		{3FF2D989-7393-4C47-8085-67ED86C81D5C} = {2ED18042-D473-4A8D-B58B-454C1EA990B9}
		{BB5840E6-F761-439A-8F95-F804411F478F} = {2ED18042-D473-4A8D-B58B-454C1EA990B9}
		{45438B7E-351A-47D5-905D-65EB0A3A7F26} = {2ED18042-D473-4A8D-B58B-454C1EA990B9}
		{1FD2CE2C-8801-4C63-8907-E67B4CBCBABB} = {47A20534-25B3-4EDB-A254-96955DA25AE9}
		{49AC5D8A-FFD1-4B4A-820A-4DC07CB9A05E} = {47A20534-25B3-4EDB-A254-96955DA25AE9}
		{B95FFA44-D5FA-46D2-9A3D-DC3E9C494A1D} = {47A20534-25B3-4EDB-A254-96955DA25AE9}
		{B69E9805-B2C5-42BE-AF60-0B4BC0D79171} = {D55F17D1-4EE5-438F-AB89-F0CD20898404}
		{E9E80A82-4DCF-42A2-AD8E-6D190983267D} = {D55F17D1-4EE5-438F-AB89-F0CD20898404}
		{32E415CC-AC2C-4BBD-9BE8-42AF4FF3D1E2} = {D55F17D1-4EE5-438F-AB89-F0CD20898404}
		{D8ED6FCF-73F2-4581-B7FB-BC7B7BF30C51} = {9F51A070-A958-4F66-BED7-708888AD7CAC}
		{520AFEB8-2518-4349-906D-03218D9553ED} = {9F51A070-A958-4F66-BED7-708888AD7CAC}
		{C746619F-AE96-4D54-A79B-3A47F37AF233} = {9F51A070-A958-4F66-BED7-708888AD7CAC}
		{DA0267FE-D6FB-459C-9547-1408552AAB75} = {B77E2A9B-336F-4F5C-B72B-E01ED5B8F647}
		{F18ECE44-F0AB-4A61-9AAF-CB0B035BC6DD} = {B77E2A9B-336F-4F5C-B72B-E01ED5B8F647}
		{636D82DE-B12D-4C82-A0AB-929B637B12EB} = {B77E2A9B-336F-4F5C-B72B-E01ED5B8F647}
		{3EAF4343-B844-4B71-AE1B-59F0BC6687C0} = {23E4F5DC-104F-454A-A96F-72BCC0D3C2E2}
		{9DF85CCA-A2DE-4CA0-9A54-5EAFFFB26E3D} = {23E4F5DC-104F-454A-A96F-72BCC0D3C2E2}
		{EC27EE19-BB12-4F60-ACE4-4951E48B5D1C} = {23E4F5DC-104F-454A-A96F-72BCC0D3C2E2}
	EndGlobalSection
EndGlobal
